
Microsoft Visual Studio Solution File, Format Version 11.00
# Visual Studio 2010
Project("{FAE04EC0-301F-11D3-BF4B-00C04F79EFBC}") = "Stopwatch_C", "Stopwatch_C\Stopwatch_C.csproj", "{6533435F-7018-426F-BC0D-FB860BD7EBF8}"
EndProject
Global
	GlobalSection(SolutionConfigurationPlatforms) = preSolution
		Debug|x86 = Debug|x86
		Release|x86 = Release|x86
	EndGlobalSection
	GlobalSection(ProjectConfigurationPlatforms) = postSolution
		{6533435F-7018-426F-BC0D-FB860BD7EBF8}.Debug|x86.ActiveCfg = Debug|x86
		{6533435F-7018-426F-BC0D-FB860BD7EBF8}.Debug|x86.Build.0 = Debug|x86
		{6533435F-7018-426F-BC0D-FB860BD7EBF8}.Release|x86.ActiveCfg = Release|x86
		{6533435F-7018-426F-BC0D-FB860BD7EBF8}.Release|x86.Build.0 = Release|x86
	EndGlobalSection
	GlobalSection(SolutionProperties) = preSolution
		HideSolutionNode = FALSE
	EndGlobalSection
EndGlobal
